<?xml version="1.0" encoding="utf-8"?>
<Project ToolsVersion="4.0" xmlns="http://schemas.microsoft.com/developer/msbuild/2003">
  <ItemGroup>
    <Filter Include="Source Files">
      <UniqueIdentifier>{4FC737F1-C7A5-4376-A066-2A32D752A2FF}</UniqueIdentifier>
      <Extensions>cpp;c;cc;cxx;def;odl;idl;hpj;bat;asm;asmx</Extensions>
    </Filter>
    <Filter Include="Header Files">
      <UniqueIdentifier>{93995380-89BD-4b04-88EB-625FBE52EBFB}</UniqueIdentifier>
      <Extensions>h;hh;hpp;hxx;hm;inl;inc;xsd</Extensions>
    </Filter>
    <Filter Include="Resource Files">
      <UniqueIdentifier>{67DA6AB6-F800-4c08-8B7A-83BB121AAD01}</UniqueIdentifier>
      <Extensions>rc;ico;cur;bmp;dlg;rc2;rct;bin;rgs;gif;jpg;jpeg;jpe;resx;tiff;tif;png;wav;mfcribbon-ms</Extensions>
    </Filter>
  </ItemGroup>
  <ItemGroup>
    <Text Include="ReadMe.txt" />
  </ItemGroup>
  <ItemGroup>
    <ClInclude Include="GuiTest3.h">
      <Filter>Header Files</Filter>
    </ClInclude>
    <ClInclude Include="stdafx.h">
      <Filter>Header Files</Filter>
    </ClInclude>
    <ClInclude Include="targetver.h">
      <Filter>Header Files</Filter>
    </ClInclude>
    <ClInclude Include="Resource.h">
      <Filter>Header Files</Filter>
    </ClInclude>
    <ClInclude Include="GUI\DockViews\PropertiesView\PropertyGridIPAddrProperty.h">
      <Filter>Header Files</Filter>
    </ClInclude>
    <ClInclude Include="GUI\DockViews\PropertiesView\MFCPropertyGridUIDProperty.h">
      <Filter>Header Files</Filter>
    </ClInclude>
    <ClInclude Include="GUI\DockViews\PropertiesView\PropertiesWnd.h">
      <Filter>Header Files</Filter>
    </ClInclude>
    <ClInclude Include="GUI\DockViews\PropertiesView\MFCPropertyGridDateTimeEditProperty.h">
      <Filter>Header Files</Filter>
    </ClInclude>
    <ClInclude Include="GUI\DockViews\DatabaseTreeView\DatabaseTreeView.h">
      <Filter>Header Files</Filter>
    </ClInclude>
    <ClInclude Include="GUI\DockViews\DatabaseTreeView\ViewTree.h">
      <Filter>Header Files</Filter>
    </ClInclude>
    <ClInclude Include="GUI\DockViews\OutputWnd\OutputWnd.h">
      <Filter>Header Files</Filter>
    </ClInclude>
    <ClInclude Include="GUI\MainWnd\MainFrm.h">
      <Filter>Header Files</Filter>
    </ClInclude>
    <ClInclude Include="GUI\NetworkView\View\NetworkViewFrame.h">
      <Filter>Header Files</Filter>
    </ClInclude>
    <ClInclude Include="GUI\NetworkView\View\NetworkView.h">
      <Filter>Header Files</Filter>
    </ClInclude>
    <ClInclude Include="GUI\NetworkView\View\NetworkViewDoc.h">
      <Filter>Header Files</Filter>
    </ClInclude>
    <ClInclude Include="GUI\NetworkView\Layers\Node\Node.h">
      <Filter>Header Files</Filter>
    </ClInclude>
    <ClInclude Include="GUI\NetworkView\Layers\Node\NodeLayer.h">
      <Filter>Header Files</Filter>
    </ClInclude>
    <ClInclude Include="GUI\NetworkView\Layers\Node\NodeLayerState.h">
      <Filter>Header Files</Filter>
    </ClInclude>
    <ClInclude Include="GUI\NetworkView\Layers\Node\NodeDraggingState.h">
      <Filter>Header Files</Filter>
    </ClInclude>
    <ClInclude Include="GUI\NetworkView\Layers\Node\NodeIdleState.h">
      <Filter>Header Files</Filter>
    </ClInclude>
    <ClInclude Include="GUI\NetworkView\Layers\Node\NodeSelectState.h">
      <Filter>Header Files</Filter>
    </ClInclude>
    <ClInclude Include="GUI\NetworkView\Layers\Link\LinkLayer.h">
      <Filter>Header Files</Filter>
    </ClInclude>
    <ClInclude Include="GUI\NetworkView\Layers\Link\Link.h">
      <Filter>Header Files</Filter>
    </ClInclude>
    <ClInclude Include="GUI\NetworkView\Layers\Link\LinkGroup.h">
      <Filter>Header Files</Filter>
    </ClInclude>
    <ClInclude Include="GUI\NetworkView\Layers\Link\LinkLayerState.h">
      <Filter>Header Files</Filter>
    </ClInclude>
    <ClInclude Include="GUI\NetworkView\Layers\Link\LinkLayerEditControlPointsState.h">
      <Filter>Header Files</Filter>
    </ClInclude>
    <ClInclude Include="GUI\NetworkView\Layers\Node\NodeContextState.h">
      <Filter>Header Files</Filter>
    </ClInclude>
    <ClInclude Include="GUI\NetworkView\Layers\SpotlightLayer\SpotlightLayer.h">
      <Filter>Header Files</Filter>
    </ClInclude>
    <ClInclude Include="GUI\DockViews\DatabaseTreeView\CustomTimer.h">
      <Filter>Header Files</Filter>
    </ClInclude>
    <ClInclude Include="GUI\DockViews\IPTree\IPPropertiesView.h">
      <Filter>Header Files</Filter>
    </ClInclude>
    <ClInclude Include="GUI\DockViews\IPTree\IPTreeView.h">
      <Filter>Header Files</Filter>
    </ClInclude>
    <ClInclude Include="GUI\DockViews\IPTree\IPView.h">
      <Filter>Header Files</Filter>
    </ClInclude>
    <ClInclude Include="GUI\DockViews\PropertiesView\MFCPropertyGridDateTimeProperty.h">
      <Filter>Header Files</Filter>
    </ClInclude>
    <ClInclude Include="GUI\DockViews\IPTree\ViewTreeCtrl.h">
      <Filter>Header Files</Filter>
    </ClInclude>
    <ClInclude Include="GUI\DockViews\PropertiesView\MFCPropertyGridUnsignedLongLongProperty.h">
      <Filter>Header Files</Filter>
    </ClInclude>
    <ClInclude Include="GUI\DockViews\PropertiesView\MFCPropertyGridRDProperty.h">
      <Filter>Header Files</Filter>
    </ClInclude>
    <ClInclude Include="GUI\DockViews\PropertiesView\MFCRDEdit.h">
      <Filter>Header Files</Filter>
    </ClInclude>
    <ClInclude Include="GUI\NetworkView\Layers\Link\LinkDrawResources.h">
      <Filter>Header Files</Filter>
    </ClInclude>
    <ClInclude Include="GUI\TrafficEdit\TrafficEditDoc.h">
      <Filter>Header Files</Filter>
    </ClInclude>
    <ClInclude Include="GUI\TrafficEdit\TrafficEditFrame.h">
      <Filter>Header Files</Filter>
    </ClInclude>
    <ClInclude Include="GUI\TrafficEdit\TrafficEditPathView.h">
      <Filter>Header Files</Filter>
    </ClInclude>
    <ClInclude Include="GUI\TrafficEdit\TrafficEditDemandView.h">
      <Filter>Header Files</Filter>
    </ClInclude>
    <ClInclude Include="GUI\TrafficEdit\TrafficEditFlowView.h">
      <Filter>Header Files</Filter>
    </ClInclude>
    <ClInclude Include="GUI\NetworkView\Layers\BaseLayer\BaseLayer.h">
      <Filter>Header Files</Filter>
    </ClInclude>
    <ClInclude Include="GUI\NetworkView\Layers\Text\TextLayer.h">
      <Filter>Header Files</Filter>
    </ClInclude>
    <ClInclude Include="GUI\NetworkView\View\Groups\GroupViewMetadata.h">
      <Filter>Header Files</Filter>
    </ClInclude>
    <ClInclude Include="GUI\NetworkView\View\Groups\BreadCrumb.h">
      <Filter>Header Files</Filter>
    </ClInclude>
    <ClInclude Include="GUI\NetworkView\Layers\Background\BackgroundLayer.h">
      <Filter>Header Files</Filter>
    </ClInclude>
    <ClInclude Include="GUI\NetworkView\View\Spatial\NetworkViewSpatialHash.h">
      <Filter>Header Files</Filter>
    </ClInclude>
    <ClInclude Include="GUI\NetworkView\View\Cache\BitmapCache.h">
      <Filter>Header Files</Filter>
    </ClInclude>
    <ClInclude Include="GUI\NetworkView\View\Interfaces\INetworkView.h">
      <Filter>Header Files</Filter>
    </ClInclude>
    <ClInclude Include="GUI\NetworkView\View\Interfaces\INetworkViewService.h">
      <Filter>Header Files</Filter>
    </ClInclude>
    <ClInclude Include="GUI\NetworkView\View\Groups\Groups.h">
      <Filter>Header Files</Filter>
    </ClInclude>
    <ClInclude Include="GUI\NetworkView\View\Groups\Group.h">
      <Filter>Header Files</Filter>
    </ClInclude>
  </ItemGroup>
  <ItemGroup>
    <ClCompile Include="GuiTest3.cpp">
      <Filter>Source Files</Filter>
    </ClCompile>
    <ClCompile Include="stdafx.cpp">
      <Filter>Source Files</Filter>
    </ClCompile>
    <ClCompile Include="GUI\DockViews\PropertiesView\PropertyGridIPAddrProperty.cpp">
      <Filter>Source Files</Filter>
    </ClCompile>
    <ClCompile Include="GUI\DockViews\PropertiesView\PropertiesWnd.cpp">
      <Filter>Source Files</Filter>
    </ClCompile>
    <ClCompile Include="GUI\DockViews\PropertiesView\MFCPropertyGridUIDProperty.cpp">
      <Filter>Source Files</Filter>
    </ClCompile>
    <ClCompile Include="GUI\DockViews\PropertiesView\MFCPropertyGridDateTimeEditProperty.cpp">
      <Filter>Source Files</Filter>
    </ClCompile>
    <ClCompile Include="GUI\DockViews\DatabaseTreeView\DatabaseTreeView.cpp">
      <Filter>Source Files</Filter>
    </ClCompile>
    <ClCompile Include="GUI\DockViews\DatabaseTreeView\ViewTree.cpp">
      <Filter>Source Files</Filter>
    </ClCompile>
    <ClCompile Include="GUI\DockViews\OutputWnd\OutputWnd.cpp">
      <Filter>Source Files</Filter>
    </ClCompile>
    <ClCompile Include="GUI\MainWnd\MainFrm.cpp">
      <Filter>Source Files</Filter>
    </ClCompile>
    <ClCompile Include="GUI\NetworkView\View\NetworkView.cpp">
      <Filter>Source Files</Filter>
    </ClCompile>
    <ClCompile Include="GUI\NetworkView\View\NetworkViewDoc.cpp">
      <Filter>Source Files</Filter>
    </ClCompile>
    <ClCompile Include="GUI\NetworkView\View\NetworkViewFrame.cpp">
      <Filter>Source Files</Filter>
    </ClCompile>
    <ClCompile Include="GUI\NetworkView\View\NetworkViewProc.cpp">
      <Filter>Source Files</Filter>
    </ClCompile>
    <ClCompile Include="GUI\NetworkView\Layers\Node\Node.cpp">
      <Filter>Source Files</Filter>
    </ClCompile>
    <ClCompile Include="GUI\NetworkView\Layers\Node\NodeLayer.cpp">
      <Filter>Source Files</Filter>
    </ClCompile>
    <ClCompile Include="GUI\NetworkView\Layers\Node\NodeLayerState.cpp">
      <Filter>Source Files</Filter>
    </ClCompile>
    <ClCompile Include="GUI\NetworkView\Layers\Node\NodeDraggingState.cpp">
      <Filter>Source Files</Filter>
    </ClCompile>
    <ClCompile Include="GUI\NetworkView\Layers\Node\NodeIdleState.cpp">
      <Filter>Source Files</Filter>
    </ClCompile>
    <ClCompile Include="GUI\NetworkView\Layers\Node\NodeSelectState.cpp">
      <Filter>Source Files</Filter>
    </ClCompile>
    <ClCompile Include="GUI\NetworkView\Layers\Link\LinkLayer.cpp">
      <Filter>Source Files</Filter>
    </ClCompile>
    <ClCompile Include="GUI\NetworkView\Layers\Link\Link.cpp">
      <Filter>Source Files</Filter>
    </ClCompile>
    <ClCompile Include="GUI\NetworkView\Layers\Link\LinkGroup.cpp">
      <Filter>Source Files</Filter>
    </ClCompile>
    <ClCompile Include="GUI\NetworkView\Layers\Link\LinkLayerEditControlPointsState.cpp">
      <Filter>Source Files</Filter>
    </ClCompile>
    <ClCompile Include="GUI\NetworkView\Layers\Link\LinkLayerState.cpp">
      <Filter>Source Files</Filter>
    </ClCompile>
    <ClCompile Include="GUI\NetworkView\Layers\Node\NodeContextState.cpp">
      <Filter>Source Files</Filter>
    </ClCompile>
    <ClCompile Include="GUI\NetworkView\Layers\SpotlightLayer\SpotlightLayer.cpp">
      <Filter>Source Files</Filter>
    </ClCompile>
    <ClCompile Include="GUI\DockViews\DatabaseTreeView\CustomTimer.cpp">
      <Filter>Source Files</Filter>
    </ClCompile>
    <ClCompile Include="GUI\DockViews\IPTree\IPPropertiesView.cpp">
      <Filter>Source Files</Filter>
    </ClCompile>
    <ClCompile Include="GUI\DockViews\IPTree\IPTreeView.cpp">
      <Filter>Source Files</Filter>
    </ClCompile>
    <ClCompile Include="GUI\DockViews\IPTree\IPView.cpp">
      <Filter>Source Files</Filter>
    </ClCompile>
    <ClCompile Include="GUI\DockViews\PropertiesView\MFCPropertyGridDateTimeProperty.cpp">
      <Filter>Source Files</Filter>
    </ClCompile>
    <ClCompile Include="GUI\DockViews\IPTree\ViewTreeCtrl.cpp">
      <Filter>Source Files</Filter>
    </ClCompile>
    <ClCompile Include="GUI\DockViews\PropertiesView\MFCPropertyGridUnsignedLongLongProperty.cpp">
      <Filter>Source Files</Filter>
    </ClCompile>
    <ClCompile Include="GUI\DockViews\PropertiesView\MFCPropertyGridRDProperty.cpp">
      <Filter>Source Files</Filter>
    </ClCompile>
    <ClCompile Include="GUI\DockViews\PropertiesView\MFCRDEdit.cpp">
      <Filter>Source Files</Filter>
    </ClCompile>
    <ClCompile Include="GUI\NetworkView\Layers\Link\LinkDrawResources.cpp">
      <Filter>Source Files</Filter>
    </ClCompile>
    <ClCompile Include="GUI\TrafficEdit\TrafficEditDoc.cpp">
      <Filter>Source Files</Filter>
    </ClCompile>
    <ClCompile Include="GUI\TrafficEdit\TrafficEditFrame.cpp">
      <Filter>Source Files</Filter>
    </ClCompile>
    <ClCompile Include="GUI\TrafficEdit\TrafficEditPathView.cpp">
      <Filter>Source Files</Filter>
    </ClCompile>
    <ClCompile Include="GUI\TrafficEdit\TrafficEditDemandView.cpp">
      <Filter>Source Files</Filter>
    </ClCompile>
    <ClCompile Include="GUI\TrafficEdit\TrafficEditFlowView.cpp">
      <Filter>Source Files</Filter>
    </ClCompile>
    <ClCompile Include="GUI\NetworkView\View\NetworkViewDirectX.cpp">
      <Filter>Source Files</Filter>
    </ClCompile>
    <ClCompile Include="GUI\NetworkView\Layers\BaseLayer\BaseLayer.cpp">
      <Filter>Source Files</Filter>
    </ClCompile>
    <ClCompile Include="GUI\NetworkView\Layers\Text\TextLayer.cpp">
      <Filter>Source Files</Filter>
    </ClCompile>
    <ClCompile Include="GUI\NetworkView\View\Groups\GroupViewMetadata.cpp">
      <Filter>Source Files</Filter>
    </ClCompile>
    <ClCompile Include="GUI\NetworkView\View\Groups\BreadCrumb.cpp">
      <Filter>Source Files</Filter>
    </ClCompile>
    <ClCompile Include="GUI\NetworkView\Layers\Background\BackgroundLayer.cpp">
      <Filter>Source Files</Filter>
    </ClCompile>
    <ClCompile Include="GUI\NetworkView\View\Spatial\NetworkViewSpatialHash.cpp">
      <Filter>Source Files</Filter>
    </ClCompile>
    <ClCompile Include="GUI\NetworkView\View\Cache\BitmapCache.cpp">
      <Filter>Source Files</Filter>
    </ClCompile>
    <ClCompile Include="GUI\NetworkView\View\Interfaces\INetworkView.cpp">
      <Filter>Source Files</Filter>
    </ClCompile>
    <ClCompile Include="GUI\NetworkView\View\Interfaces\INetworkViewService.cpp">
      <Filter>Source Files</Filter>
    </ClCompile>
    <ClCompile Include="GUI\NetworkView\View\Groups\Groups.cpp">
      <Filter>Source Files</Filter>
    </ClCompile>
    <ClCompile Include="GUI\NetworkView\View\Groups\Group.cpp">
      <Filter>Source Files</Filter>
    </ClCompile>
  </ItemGroup>
  <ItemGroup>
    <None Include="GuiTest3.reg" />
    <None Include="res\ribbon.mfcribbon-ms">
      <Filter>Resource Files</Filter>
    </None>
    <None Include="res\GuiTest3.rc2">
      <Filter>Resource Files</Filter>
    </None>
  </ItemGroup>
  <ItemGroup>
    <ResourceCompile Include="GuiTest3.rc">
      <Filter>Resource Files</Filter>
    </ResourceCompile>
  </ItemGroup>
  <ItemGroup>
    <Image Include="res\file_view.ico">
      <Filter>Resource Files</Filter>
    </Image>
    <Image Include="res\file_view_hc.ico">
      <Filter>Resource Files</Filter>
    </Image>
    <Image Include="res\class_view.ico">
      <Filter>Resource Files</Filter>
    </Image>
    <Image Include="res\class_view_hc.ico">
      <Filter>Resource Files</Filter>
    </Image>
    <Image Include="res\fileview.bmp">
      <Filter>Resource Files</Filter>
    </Image>
    <Image Include="res\fileview_hc.bmp">
      <Filter>Resource Files</Filter>
    </Image>
    <Image Include="res\classview.bmp">
      <Filter>Resource Files</Filter>
    </Image>
    <Image Include="res\classview_hc.bmp">
      <Filter>Resource Files</Filter>
    </Image>
    <Image Include="res\explorer.bmp">
      <Filter>Resource Files</Filter>
    </Image>
    <Image Include="res\explorer_hc.bmp">
      <Filter>Resource Files</Filter>
    </Image>
    <Image Include="res\sort.bmp">
      <Filter>Resource Files</Filter>
    </Image>
    <Image Include="res\sort_hc.bmp">
      <Filter>Resource Files</Filter>
    </Image>
    <Image Include="res\menuimages.bmp">
      <Filter>Resource Files</Filter>
    </Image>
    <Image Include="res\menuimages_hc.bmp">
      <Filter>Resource Files</Filter>
    </Image>
    <Image Include="res\output_wnd.ico">
      <Filter>Resource Files</Filter>
    </Image>
    <Image Include="res\output_wnd_hc.ico">
      <Filter>Resource Files</Filter>
    </Image>
    <Image Include="res\properties_wnd.ico">
      <Filter>Resource Files</Filter>
    </Image>
    <Image Include="res\properties_wnd_hc.ico">
      <Filter>Resource Files</Filter>
    </Image>
    <Image Include="res\properties.bmp">
      <Filter>Resource Files</Filter>
    </Image>
    <Image Include="res\properties_hc.bmp">
      <Filter>Resource Files</Filter>
    </Image>
    <Image Include="res\info.bmp">
      <Filter>Resource Files</Filter>
    </Image>
    <Image Include="res\buttons.bmp">
      <Filter>Resource Files</Filter>
    </Image>
    <Image Include="res\filelarge.bmp">
      <Filter>Resource Files</Filter>
    </Image>
    <Image Include="res\filesmall.bmp">
      <Filter>Resource Files</Filter>
    </Image>
    <Image Include="res\main.bmp">
      <Filter>Resource Files</Filter>
    </Image>
    <Image Include="res\writelarge.bmp">
      <Filter>Resource Files</Filter>
    </Image>
    <Image Include="res\writesmall.bmp">
      <Filter>Resource Files</Filter>
    </Image>
    <Image Include="res\GuiTest3Doc.ico">
      <Filter>Resource Files</Filter>
    </Image>
    <Image Include="res\GuiTest3.ico">
      <Filter>Resource Files</Filter>
    </Image>
    <Image Include="res\Toolbar.bmp">
      <Filter>Resource Files</Filter>
    </Image>
    <Image Include="res\Toolbar256.bmp">
      <Filter>Resource Files</Filter>
    </Image>
    <Image Include="res\bitmap1.bmp">
      <Filter>Resource Files</Filter>
    </Image>
    <Image Include="res\iptreeview_hc.bmp">
      <Filter>Resource Files</Filter>
    </Image>
    <Image Include="res\iptreeview.bmp">
      <Filter>Resource Files</Filter>
    </Image>
    <Image Include="res\toolbar1.bmp">
      <Filter>Resource Files</Filter>
    </Image>
    <Image Include="res\iptreenode.bmp">
      <Filter>Resource Files</Filter>
    </Image>
  </ItemGroup>
</Project>