<?xml version="1.0" encoding="utf-8"?>
<Project ToolsVersion="4.0" xmlns="http://schemas.microsoft.com/developer/msbuild/2003">
  <ItemGroup>
    <Filter Include="Source Files">
      <UniqueIdentifier>{4FC737F1-C7A5-4376-A066-2A32D752A2FF}</UniqueIdentifier>
      <Extensions>cpp;c;cc;cxx;def;odl;idl;hpj;bat;asm;asmx</Extensions>
    </Filter>
    <Filter Include="Header Files">
      <UniqueIdentifier>{93995380-89BD-4b04-88EB-625FBE52EBFB}</UniqueIdentifier>
      <Extensions>h;hpp;hxx;hm;inl;inc;xsd</Extensions>
    </Filter>
    <Filter Include="Resource Files">
      <UniqueIdentifier>{67DA6AB6-F800-4c08-8B7A-83BB121AAD01}</UniqueIdentifier>
      <Extensions>rc;ico;cur;bmp;dlg;rc2;rct;bin;rgs;gif;jpg;jpeg;jpe;resx;tiff;tif;png;wav;mfcribbon-ms</Extensions>
    </Filter>
  </ItemGroup>
  <ItemGroup>
    <ClInclude Include="stdafx.h">
      <Filter>Header Files</Filter>
    </ClInclude>
    <ClInclude Include="targetver.h">
      <Filter>Header Files</Filter>
    </ClInclude>
    <ClInclude Include="DatabaseCoreElements\attribute.h">
      <Filter>Header Files</Filter>
    </ClInclude>
    <ClInclude Include="DatabaseCoreElements\BaseValue.h">
      <Filter>Header Files</Filter>
    </ClInclude>
    <ClInclude Include="DatabaseCoreElements\Value.h">
      <Filter>Header Files</Filter>
    </ClInclude>
    <ClInclude Include="DatabaseCoreElements\RealValue.h">
      <Filter>Header Files</Filter>
    </ClInclude>
    <ClInclude Include="DatabaseUpdateElements\DatabaseUpdateCache.h">
      <Filter>Header Files</Filter>
    </ClInclude>
    <ClInclude Include="DatabaseUpdateElements\DatabaseUpdateQueue.h">
      <Filter>Header Files</Filter>
    </ClInclude>
    <ClInclude Include="DatabaseUpdateElements\DatabaseUpdateRecord.h">
      <Filter>Header Files</Filter>
    </ClInclude>
    <ClInclude Include="DatabaseCoreElements\GraphObjectDatabase.h">
      <Filter>Header Files</Filter>
    </ClInclude>
    <ClInclude Include="DatabaseCoreElements\Type.h">
      <Filter>Header Files</Filter>
    </ClInclude>
    <ClInclude Include="Tables\Sibling.h">
      <Filter>Header Files</Filter>
    </ClInclude>
    <ClInclude Include="Interfaces\IObjectDatabase.h">
      <Filter>Header Files</Filter>
    </ClInclude>
    <ClInclude Include="Interfaces\ObjectDatabaseDefines.h">
      <Filter>Header Files</Filter>
    </ClInclude>
    <ClInclude Include="Interfaces\DatabaseObserver.h">
      <Filter>Header Files</Filter>
    </ClInclude>
    <ClInclude Include="Interfaces\Key.h">
      <Filter>Header Files</Filter>
    </ClInclude>
    <ClInclude Include="Interfaces\IDatabaseUpdate.h">
      <Filter>Header Files</Filter>
    </ClInclude>
    <ClInclude Include="Interfaces\IObjectDatabaseService.h">
      <Filter>Header Files</Filter>
    </ClInclude>
    <ClInclude Include="Interfaces\IDatabaseUpdateService.h">
      <Filter>Header Files</Filter>
    </ClInclude>
    <ClInclude Include="DatabaseCoreElements\TypeDefs.h">
      <Filter>Header Files</Filter>
    </ClInclude>
    <ClInclude Include="TrafficGraph\Node.h">
      <Filter>Header Files</Filter>
    </ClInclude>
    <ClInclude Include="TrafficGraph\TrafficGraph.h">
      <Filter>Header Files</Filter>
    </ClInclude>
    <ClInclude Include="Interfaces\ITrafficGraph.h">
      <Filter>Header Files</Filter>
    </ClInclude>
    <ClInclude Include="DataObjects\DatabaseObject.h">
      <Filter>Header Files</Filter>
    </ClInclude>
    <ClInclude Include="Factory\DatabaseObjectFactory.h">
      <Filter>Header Files</Filter>
    </ClInclude>
    <ClInclude Include="Interfaces\IClientUpdateQueue.h">
      <Filter>Header Files</Filter>
    </ClInclude>
    <ClInclude Include="Database\ObjectDatabase.h">
      <Filter>Header Files</Filter>
    </ClInclude>
    <ClInclude Include="Database\TriggerManager.h">
      <Filter>Header Files</Filter>
    </ClInclude>
    <ClInclude Include="Tables\odbInsertTable.h">
      <Filter>Header Files</Filter>
    </ClInclude>
    <ClInclude Include="Interfaces\IAttribute.h">
      <Filter>Header Files</Filter>
    </ClInclude>
    <ClInclude Include="Services\GroupManager.h">
      <Filter>Header Files</Filter>
    </ClInclude>
    <ClInclude Include="Services\GroupNode.h">
      <Filter>Header Files</Filter>
    </ClInclude>
    <ClInclude Include="Tables\odbDeleteTable.h">
      <Filter>Header Files</Filter>
    </ClInclude>
    <ClInclude Include="Interfaces\ITrigger.h">
      <Filter>Header Files</Filter>
    </ClInclude>
    <ClInclude Include="Database\CoreTriggers.h">
      <Filter>Header Files</Filter>
    </ClInclude>
    <ClInclude Include="Tables\Table.h">
      <Filter>Header Files</Filter>
    </ClInclude>
    <ClInclude Include="DatabaseCoreElements\AttributeOptionList.h">
      <Filter>Header Files</Filter>
    </ClInclude>
    <ClInclude Include="DatabaseCoreElements\AttributeDefines.h">
      <Filter>Header Files</Filter>
    </ClInclude>
    <ClInclude Include="Interfaces\IAttributeOptionList.h">
      <Filter>Header Files</Filter>
    </ClInclude>
    <ClInclude Include="Interfaces\ITable.h">
      <Filter>Header Files</Filter>
    </ClInclude>
  </ItemGroup>
  <ItemGroup>
    <ClCompile Include="stdafx.cpp">
      <Filter>Source Files</Filter>
    </ClCompile>
    <ClCompile Include="DatabaseCoreElements\Value.cpp">
      <Filter>Source Files</Filter>
    </ClCompile>
    <ClCompile Include="DatabaseUpdateElements\DatabaseUpdateCache.cpp">
      <Filter>Source Files</Filter>
    </ClCompile>
    <ClCompile Include="DatabaseUpdateElements\DatabaseUpdateQueue.cpp">
      <Filter>Source Files</Filter>
    </ClCompile>
    <ClCompile Include="DatabaseUpdateElements\DatabaseUpdateRecord.cpp">
      <Filter>Source Files</Filter>
    </ClCompile>
    <ClCompile Include="Tables\Sibling.cpp">
      <Filter>Source Files</Filter>
    </ClCompile>
    <ClCompile Include="Interfaces\IObjectDatabase.cpp">
      <Filter>Source Files</Filter>
    </ClCompile>
    <ClCompile Include="Interfaces\Key.cpp">
      <Filter>Source Files</Filter>
    </ClCompile>
    <ClCompile Include="Interfaces\IDatabaseUpdate.cpp">
      <Filter>Source Files</Filter>
    </ClCompile>
    <ClCompile Include="Interfaces\IObjectDatabaseService.cpp">
      <Filter>Source Files</Filter>
    </ClCompile>
    <ClCompile Include="Interfaces\IDatabaseUpdateService.cpp">
      <Filter>Source Files</Filter>
    </ClCompile>
    <ClCompile Include="DatabaseCoreElements\TypeDefs.cpp">
      <Filter>Source Files</Filter>
    </ClCompile>
    <ClCompile Include="TrafficGraph\Node.cpp">
      <Filter>Source Files</Filter>
    </ClCompile>
    <ClCompile Include="TrafficGraph\TrafficGraph.cpp">
      <Filter>Source Files</Filter>
    </ClCompile>
    <ClCompile Include="Interfaces\ITrafficGraph.cpp">
      <Filter>Source Files</Filter>
    </ClCompile>
    <ClCompile Include="DataObjects\DatabaseObject.cpp">
      <Filter>Source Files</Filter>
    </ClCompile>
    <ClCompile Include="Factory\DatabaseObjectFactory.cpp">
      <Filter>Source Files</Filter>
    </ClCompile>
    <ClCompile Include="Interfaces\IClientUpdateQueue.cpp">
      <Filter>Source Files</Filter>
    </ClCompile>
    <ClCompile Include="Database\ObjectDatabase.cpp">
      <Filter>Source Files</Filter>
    </ClCompile>
    <ClCompile Include="Database\TriggerManager.cpp">
      <Filter>Source Files</Filter>
    </ClCompile>
    <ClCompile Include="Tables\odbInsertTable.cpp">
      <Filter>Source Files</Filter>
    </ClCompile>
    <ClCompile Include="Interfaces\IAttribute.cpp">
      <Filter>Source Files</Filter>
    </ClCompile>
    <ClCompile Include="Services\GroupManager.cpp">
      <Filter>Source Files</Filter>
    </ClCompile>
    <ClCompile Include="Services\GroupNode.cpp">
      <Filter>Source Files</Filter>
    </ClCompile>
    <ClCompile Include="Tables\odbDeleteTable.cpp">
      <Filter>Source Files</Filter>
    </ClCompile>
    <ClCompile Include="Interfaces\ITrigger.cpp">
      <Filter>Source Files</Filter>
    </ClCompile>
    <ClCompile Include="Database\CoreTriggers.cpp">
      <Filter>Source Files</Filter>
    </ClCompile>
    <ClCompile Include="Tables\Table.cpp">
      <Filter>Source Files</Filter>
    </ClCompile>
    <ClCompile Include="DatabaseCoreElements\attribute.cpp">
      <Filter>Source Files</Filter>
    </ClCompile>
    <ClCompile Include="DatabaseCoreElements\AttributeOptionList.cpp">
      <Filter>Source Files</Filter>
    </ClCompile>
    <ClCompile Include="Interfaces\IAttributeOptionList.cpp">
      <Filter>Source Files</Filter>
    </ClCompile>
    <ClCompile Include="Interfaces\ITable.cpp">
      <Filter>Source Files</Filter>
    </ClCompile>
  </ItemGroup>
</Project>